
Microsoft Visual Studio Solution File, Format Version 12.00
# Visual Studio Version 16
VisualStudioVersion = 16.0.31005.135
MinimumVisualStudioVersion = 10.0.40219.1
Project("{FAE04EC0-301F-11D3-BF4B-00C04F79EFBC}") = "DayOne", "DayOne\DayOne.csproj", "{60BB5826-3DA9-43BD-957D-8B4F0CB7356D}"
EndProject
Project("{FAE04EC0-301F-11D3-BF4B-00C04F79EFBC}") = "DayTwo", "..\DayTwo\DayTwo.csproj", "{938B105D-FB33-459E-8172-7FC0A1B8CE76}"
EndProject
Global
	GlobalSection(SolutionConfigurationPlatforms) = preSolution
		Debug|Any CPU = Debug|Any CPU
		Release|Any CPU = Release|Any CPU
	EndGlobalSection
	GlobalSection(ProjectConfigurationPlatforms) = postSolution
		{60BB5826-3DA9-43BD-957D-8B4F0CB7356D}.Debug|Any CPU.ActiveCfg = Debug|Any CPU
		{60BB5826-3DA9-43BD-957D-8B4F0CB7356D}.Debug|Any CPU.Build.0 = Debug|Any CPU
		{60BB5826-3DA9-43BD-957D-8B4F0CB7356D}.Release|Any CPU.ActiveCfg = Release|Any CPU
		{60BB5826-3DA9-43BD-957D-8B4F0CB7356D}.Release|Any CPU.Build.0 = Release|Any CPU
		{938B105D-FB33-459E-8172-7FC0A1B8CE76}.Debug|Any CPU.ActiveCfg = Debug|Any CPU
		{938B105D-FB33-459E-8172-7FC0A1B8CE76}.Debug|Any CPU.Build.0 = Debug|Any CPU
		{938B105D-FB33-459E-8172-7FC0A1B8CE76}.Release|Any CPU.ActiveCfg = Release|Any CPU
		{938B105D-FB33-459E-8172-7FC0A1B8CE76}.Release|Any CPU.Build.0 = Release|Any CPU
	EndGlobalSection
	GlobalSection(SolutionProperties) = preSolution
		HideSolutionNode = FALSE
	EndGlobalSection
	GlobalSection(ExtensibilityGlobals) = postSolution
		SolutionGuid = {262DF7BF-E96F-4293-AFF5-62AF60D7019E}
	EndGlobalSection
EndGlobal
